
Microsoft Visual Studio Solution File, Format Version 12.00
# Visual Studio Version 17
VisualStudioVersion = 17.5.33516.290
MinimumVisualStudioVersion = 10.0.40219.1
Project("{FAE04EC0-301F-11D3-BF4B-00C04F79EFBC}") = "lottóFeladat", "lottóFeladat\lottóFeladat.csproj", "{4CFC51CA-8EFB-48AF-B740-E139AF1BBEF9}"
EndProject
Global
	GlobalSection(SolutionConfigurationPlatforms) = preSolution
		Debug|Any CPU = Debug|Any CPU
		Release|Any CPU = Release|Any CPU
	EndGlobalSection
	GlobalSection(ProjectConfigurationPlatforms) = postSolution
		{4CFC51CA-8EFB-48AF-B740-E139AF1BBEF9}.Debug|Any CPU.ActiveCfg = Debug|Any CPU
		{4CFC51CA-8EFB-48AF-B740-E139AF1BBEF9}.Debug|Any CPU.Build.0 = Debug|Any CPU
		{4CFC51CA-8EFB-48AF-B740-E139AF1BBEF9}.Release|Any CPU.ActiveCfg = Release|Any CPU
		{4CFC51CA-8EFB-48AF-B740-E139AF1BBEF9}.Release|Any CPU.Build.0 = Release|Any CPU
	EndGlobalSection
	GlobalSection(SolutionProperties) = preSolution
		HideSolutionNode = FALSE
	EndGlobalSection
	GlobalSection(ExtensibilityGlobals) = postSolution
		SolutionGuid = {97B0186E-8DC3-422B-8C6F-882BF4660667}
	EndGlobalSection
EndGlobal
